
Microsoft Visual Studio Solution File, Format Version 12.00
# Visual Studio Version 16
VisualStudioVersion = 16.0.29509.3
MinimumVisualStudioVersion = 10.0.40219.1
Project("{CC5FD16D-436D-48AD-A40C-5A424C6E3E79}") = "PizzaDeliveryProvider", "PizzaDeliveryProvider\PizzaDeliveryProvider.ccproj", "{34EDF2B3-B291-44DD-985F-5B386A8EA4C2}"
EndProject
Project("{FAE04EC0-301F-11D3-BF4B-00C04F79EFBC}") = "PizzaDeliverySB", "PizzaDeliverySB\PizzaDeliverySB.csproj", "{093B8D2B-462F-4D13-9E0D-F1EBAF79FAB2}"
EndProject
Global
	GlobalSection(SolutionConfigurationPlatforms) = preSolution
		Debug|Any CPU = Debug|Any CPU
		Release|Any CPU = Release|Any CPU
	EndGlobalSection
	GlobalSection(ProjectConfigurationPlatforms) = postSolution
		{34EDF2B3-B291-44DD-985F-5B386A8EA4C2}.Debug|Any CPU.ActiveCfg = Debug|Any CPU
		{34EDF2B3-B291-44DD-985F-5B386A8EA4C2}.Debug|Any CPU.Build.0 = Debug|Any CPU
		{34EDF2B3-B291-44DD-985F-5B386A8EA4C2}.Release|Any CPU.ActiveCfg = Release|Any CPU
		{34EDF2B3-B291-44DD-985F-5B386A8EA4C2}.Release|Any CPU.Build.0 = Release|Any CPU
		{093B8D2B-462F-4D13-9E0D-F1EBAF79FAB2}.Debug|Any CPU.ActiveCfg = Debug|Any CPU
		{093B8D2B-462F-4D13-9E0D-F1EBAF79FAB2}.Debug|Any CPU.Build.0 = Debug|Any CPU
		{093B8D2B-462F-4D13-9E0D-F1EBAF79FAB2}.Release|Any CPU.ActiveCfg = Release|Any CPU
		{093B8D2B-462F-4D13-9E0D-F1EBAF79FAB2}.Release|Any CPU.Build.0 = Release|Any CPU
	EndGlobalSection
	GlobalSection(SolutionProperties) = preSolution
		HideSolutionNode = FALSE
	EndGlobalSection
	GlobalSection(ExtensibilityGlobals) = postSolution
		SolutionGuid = {A39E8126-A18B-4C5E-AD30-7B138BBD2E87}
	EndGlobalSection
EndGlobal
